
Microsoft Visual Studio Solution File, Format Version 12.00
# Visual Studio Version 16
VisualStudioVersion = 16.0.810.9
MinimumVisualStudioVersion = 10.0.40219.1
Project("{FAE04EC0-301F-11D3-BF4B-00C04F79EFBC}") = "Leetcode", "Leetcode\Leetcode.csproj", "{EE8B45B9-A7EE-4491-A443-7FCD0C29D7EC}"
EndProject
Global
	GlobalSection(SolutionConfigurationPlatforms) = preSolution
		Debug|Any CPU = Debug|Any CPU
		Release|Any CPU = Release|Any CPU
	EndGlobalSection
	GlobalSection(ProjectConfigurationPlatforms) = postSolution
		{EE8B45B9-A7EE-4491-A443-7FCD0C29D7EC}.Debug|Any CPU.ActiveCfg = Debug|Any CPU
		{EE8B45B9-A7EE-4491-A443-7FCD0C29D7EC}.Debug|Any CPU.Build.0 = Debug|Any CPU
		{EE8B45B9-A7EE-4491-A443-7FCD0C29D7EC}.Release|Any CPU.ActiveCfg = Release|Any CPU
		{EE8B45B9-A7EE-4491-A443-7FCD0C29D7EC}.Release|Any CPU.Build.0 = Release|Any CPU
	EndGlobalSection
	GlobalSection(SolutionProperties) = preSolution
		HideSolutionNode = FALSE
	EndGlobalSection
	GlobalSection(ExtensibilityGlobals) = postSolution
		SolutionGuid = {4BCA219B-9152-4533-8D68-1BA56456FC6A}
	EndGlobalSection
EndGlobal
